
Microsoft Visual Studio Solution File, Format Version 12.00
# Visual Studio Version 16
VisualStudioVersion = 16.0.28922.388
MinimumVisualStudioVersion = 10.0.40219.1
Project("{FAE04EC0-301F-11D3-BF4B-00C04F79EFBC}") = "Projekt101", "Projekt101\Projekt101.csproj", "{1B842BC2-D5DC-4FD0-911A-5AE8D2AD6BAF}"
EndProject
Global
	GlobalSection(SolutionConfigurationPlatforms) = preSolution
		Debug|Any CPU = Debug|Any CPU
		Release|Any CPU = Release|Any CPU
	EndGlobalSection
	GlobalSection(ProjectConfigurationPlatforms) = postSolution
		{1B842BC2-D5DC-4FD0-911A-5AE8D2AD6BAF}.Debug|Any CPU.ActiveCfg = Debug|Any CPU
		{1B842BC2-D5DC-4FD0-911A-5AE8D2AD6BAF}.Debug|Any CPU.Build.0 = Debug|Any CPU
		{1B842BC2-D5DC-4FD0-911A-5AE8D2AD6BAF}.Release|Any CPU.ActiveCfg = Release|Any CPU
		{1B842BC2-D5DC-4FD0-911A-5AE8D2AD6BAF}.Release|Any CPU.Build.0 = Release|Any CPU
	EndGlobalSection
	GlobalSection(SolutionProperties) = preSolution
		HideSolutionNode = FALSE
	EndGlobalSection
	GlobalSection(ExtensibilityGlobals) = postSolution
		SolutionGuid = {65D747A7-F325-44EB-82E4-7D91C4525E6A}
	EndGlobalSection
EndGlobal
